
Microsoft Visual Studio Solution File, Format Version 12.00
# Visual Studio Version 16
VisualStudioVersion = 16.0.30406.217
MinimumVisualStudioVersion = 10.0.40219.1
Project("{FAE04EC0-301F-11D3-BF4B-00C04F79EFBC}") = "PipeServer", "PipeServer\PipeServer.csproj", "{D35EC68F-1F43-4F69-8168-167C2DEC6C5A}"
EndProject
Project("{FAE04EC0-301F-11D3-BF4B-00C04F79EFBC}") = "PipeClient", "PipeClient\PipeClient.csproj", "{666E926E-44EA-4607-B917-F63B3BDCE387}"
EndProject
Global
	GlobalSection(SolutionConfigurationPlatforms) = preSolution
		Debug|Any CPU = Debug|Any CPU
		Release|Any CPU = Release|Any CPU
	EndGlobalSection
	GlobalSection(ProjectConfigurationPlatforms) = postSolution
		{D35EC68F-1F43-4F69-8168-167C2DEC6C5A}.Debug|Any CPU.ActiveCfg = Debug|Any CPU
		{D35EC68F-1F43-4F69-8168-167C2DEC6C5A}.Debug|Any CPU.Build.0 = Debug|Any CPU
		{D35EC68F-1F43-4F69-8168-167C2DEC6C5A}.Release|Any CPU.ActiveCfg = Release|Any CPU
		{D35EC68F-1F43-4F69-8168-167C2DEC6C5A}.Release|Any CPU.Build.0 = Release|Any CPU
		{666E926E-44EA-4607-B917-F63B3BDCE387}.Debug|Any CPU.ActiveCfg = Debug|Any CPU
		{666E926E-44EA-4607-B917-F63B3BDCE387}.Debug|Any CPU.Build.0 = Debug|Any CPU
		{666E926E-44EA-4607-B917-F63B3BDCE387}.Release|Any CPU.ActiveCfg = Release|Any CPU
		{666E926E-44EA-4607-B917-F63B3BDCE387}.Release|Any CPU.Build.0 = Release|Any CPU
	EndGlobalSection
	GlobalSection(SolutionProperties) = preSolution
		HideSolutionNode = FALSE
	EndGlobalSection
	GlobalSection(ExtensibilityGlobals) = postSolution
		SolutionGuid = {FE9F42A9-2A97-4577-B70F-6F6E8659E0D1}
	EndGlobalSection
EndGlobal
