
Microsoft Visual Studio Solution File, Format Version 12.00
# Visual Studio 15
VisualStudioVersion = 15.0.27703.2042
MinimumVisualStudioVersion = 10.0.40219.1
Project("{9A19103F-16F7-4668-BE54-9A1E7A4F7556}") = "Wireboy.Socket.P2PService", "P2PSocketService\Wireboy.Socket.P2PService.csproj", "{54C91442-8833-4008-8102-AACD90EF0661}"
EndProject
Project("{FAE04EC0-301F-11D3-BF4B-00C04F79EFBC}") = "Wireboy.Socket.P2PClient", "P2PServiceClient\Wireboy.Socket.P2PClient.csproj", "{ACCF9BDB-E119-4F07-AC83-E3809AD1D5EF}"
EndProject
Global
	GlobalSection(SolutionConfigurationPlatforms) = preSolution
		Debug|Any CPU = Debug|Any CPU
		Release|Any CPU = Release|Any CPU
	EndGlobalSection
	GlobalSection(ProjectConfigurationPlatforms) = postSolution
		{54C91442-8833-4008-8102-AACD90EF0661}.Debug|Any CPU.ActiveCfg = Debug|Any CPU
		{54C91442-8833-4008-8102-AACD90EF0661}.Debug|Any CPU.Build.0 = Debug|Any CPU
		{54C91442-8833-4008-8102-AACD90EF0661}.Release|Any CPU.ActiveCfg = Release|Any CPU
		{54C91442-8833-4008-8102-AACD90EF0661}.Release|Any CPU.Build.0 = Release|Any CPU
		{ACCF9BDB-E119-4F07-AC83-E3809AD1D5EF}.Debug|Any CPU.ActiveCfg = Debug|Any CPU
		{ACCF9BDB-E119-4F07-AC83-E3809AD1D5EF}.Debug|Any CPU.Build.0 = Debug|Any CPU
		{ACCF9BDB-E119-4F07-AC83-E3809AD1D5EF}.Release|Any CPU.ActiveCfg = Release|Any CPU
		{ACCF9BDB-E119-4F07-AC83-E3809AD1D5EF}.Release|Any CPU.Build.0 = Release|Any CPU
	EndGlobalSection
	GlobalSection(SolutionProperties) = preSolution
		HideSolutionNode = FALSE
	EndGlobalSection
	GlobalSection(ExtensibilityGlobals) = postSolution
		SolutionGuid = {53201B1B-033A-45FC-A99B-551B94504B36}
	EndGlobalSection
EndGlobal
