
Microsoft Visual Studio Solution File, Format Version 12.00
# Visual Studio Version 17
VisualStudioVersion = 17.1.32228.430
MinimumVisualStudioVersion = 10.0.40219.1
Project("{9A19103F-16F7-4668-BE54-9A1E7A4F7556}") = "P2PSocket", "P2PSocket\P2PSocket.csproj", "{CD733F39-071D-4923-8452-212943F0F25E}"
EndProject
Project("{9A19103F-16F7-4668-BE54-9A1E7A4F7556}") = "P2PSocektLib", "P2PSocektLib\P2PSocektLib.csproj", "{A9505BEA-5CDA-422A-9525-F9AA68748DFE}"
EndProject
Project("{2150E333-8FDC-42A3-9474-1A3956D46DE8}") = "Solution Items", "Solution Items", "{3C1323EE-8456-469C-AC55-EE6CA74F363E}"
	ProjectSection(SolutionItems) = preProject
		.editorconfig = .editorconfig
	EndProjectSection
EndProject
Global
	GlobalSection(SolutionConfigurationPlatforms) = preSolution
		Debug|Any CPU = Debug|Any CPU
		Release|Any CPU = Release|Any CPU
	EndGlobalSection
	GlobalSection(ProjectConfigurationPlatforms) = postSolution
		{CD733F39-071D-4923-8452-212943F0F25E}.Debug|Any CPU.ActiveCfg = Debug|Any CPU
		{CD733F39-071D-4923-8452-212943F0F25E}.Debug|Any CPU.Build.0 = Debug|Any CPU
		{CD733F39-071D-4923-8452-212943F0F25E}.Release|Any CPU.ActiveCfg = Release|Any CPU
		{CD733F39-071D-4923-8452-212943F0F25E}.Release|Any CPU.Build.0 = Release|Any CPU
		{A9505BEA-5CDA-422A-9525-F9AA68748DFE}.Debug|Any CPU.ActiveCfg = Debug|Any CPU
		{A9505BEA-5CDA-422A-9525-F9AA68748DFE}.Debug|Any CPU.Build.0 = Debug|Any CPU
		{A9505BEA-5CDA-422A-9525-F9AA68748DFE}.Release|Any CPU.ActiveCfg = Release|Any CPU
		{A9505BEA-5CDA-422A-9525-F9AA68748DFE}.Release|Any CPU.Build.0 = Release|Any CPU
	EndGlobalSection
	GlobalSection(SolutionProperties) = preSolution
		HideSolutionNode = FALSE
	EndGlobalSection
	GlobalSection(ExtensibilityGlobals) = postSolution
		SolutionGuid = {794D8EBC-5874-410E-97E3-3887710B0C69}
	EndGlobalSection
EndGlobal
